
Microsoft Visual Studio Solution File, Format Version 12.00
# Visual Studio 15
Project("{FAE04EC0-301F-11D3-BF4B-00C04F79EFBC}") = "SteamVR", "SteamVR.csproj", "{641E9BD5-8F46-7214-AD2B-334D32CBEE04}"
EndProject
Project("{FAE04EC0-301F-11D3-BF4B-00C04F79EFBC}") = "SteamVR_Actions", "SteamVR_Actions.csproj", "{2B6ABC54-9619-19CA-8A33-A633440CB469}"
EndProject
Project("{FAE04EC0-301F-11D3-BF4B-00C04F79EFBC}") = "Assembly-CSharp", "Assembly-CSharp.csproj", "{99C485F0-964D-0458-5C7D-086B85A95CB3}"
EndProject
Project("{FAE04EC0-301F-11D3-BF4B-00C04F79EFBC}") = "SteamVR_Editor", "SteamVR_Editor.csproj", "{81496B89-610B-AE8C-389B-0CC2699B95D0}"
EndProject
Project("{FAE04EC0-301F-11D3-BF4B-00C04F79EFBC}") = "SteamVR_Input_Editor", "SteamVR_Input_Editor.csproj", "{61FDEE50-C4AF-DF75-6450-E0FAD756F284}"
EndProject
Project("{FAE04EC0-301F-11D3-BF4B-00C04F79EFBC}") = "SteamVR_Windows_EditorHelper", "SteamVR_Windows_EditorHelper.csproj", "{30C8B697-B882-B8FA-0D82-C4E7A958AD4C}"
EndProject
Global
	GlobalSection(SolutionConfigurationPlatforms) = preSolution
		Debug|Any CPU = Debug|Any CPU
		Release|Any CPU = Release|Any CPU
	EndGlobalSection
	GlobalSection(ProjectConfigurationPlatforms) = postSolution
		{641E9BD5-8F46-7214-AD2B-334D32CBEE04}.Debug|Any CPU.ActiveCfg = Debug|Any CPU
		{641E9BD5-8F46-7214-AD2B-334D32CBEE04}.Debug|Any CPU.Build.0 = Debug|Any CPU
		{641E9BD5-8F46-7214-AD2B-334D32CBEE04}.Release|Any CPU.ActiveCfg = Release|Any CPU
		{641E9BD5-8F46-7214-AD2B-334D32CBEE04}.Release|Any CPU.Build.0 = Release|Any CPU
		{2B6ABC54-9619-19CA-8A33-A633440CB469}.Debug|Any CPU.ActiveCfg = Debug|Any CPU
		{2B6ABC54-9619-19CA-8A33-A633440CB469}.Debug|Any CPU.Build.0 = Debug|Any CPU
		{2B6ABC54-9619-19CA-8A33-A633440CB469}.Release|Any CPU.ActiveCfg = Release|Any CPU
		{2B6ABC54-9619-19CA-8A33-A633440CB469}.Release|Any CPU.Build.0 = Release|Any CPU
		{99C485F0-964D-0458-5C7D-086B85A95CB3}.Debug|Any CPU.ActiveCfg = Debug|Any CPU
		{99C485F0-964D-0458-5C7D-086B85A95CB3}.Debug|Any CPU.Build.0 = Debug|Any CPU
		{99C485F0-964D-0458-5C7D-086B85A95CB3}.Release|Any CPU.ActiveCfg = Release|Any CPU
		{99C485F0-964D-0458-5C7D-086B85A95CB3}.Release|Any CPU.Build.0 = Release|Any CPU
		{81496B89-610B-AE8C-389B-0CC2699B95D0}.Debug|Any CPU.ActiveCfg = Debug|Any CPU
		{81496B89-610B-AE8C-389B-0CC2699B95D0}.Debug|Any CPU.Build.0 = Debug|Any CPU
		{81496B89-610B-AE8C-389B-0CC2699B95D0}.Release|Any CPU.ActiveCfg = Release|Any CPU
		{81496B89-610B-AE8C-389B-0CC2699B95D0}.Release|Any CPU.Build.0 = Release|Any CPU
		{61FDEE50-C4AF-DF75-6450-E0FAD756F284}.Debug|Any CPU.ActiveCfg = Debug|Any CPU
		{61FDEE50-C4AF-DF75-6450-E0FAD756F284}.Debug|Any CPU.Build.0 = Debug|Any CPU
		{61FDEE50-C4AF-DF75-6450-E0FAD756F284}.Release|Any CPU.ActiveCfg = Release|Any CPU
		{61FDEE50-C4AF-DF75-6450-E0FAD756F284}.Release|Any CPU.Build.0 = Release|Any CPU
		{30C8B697-B882-B8FA-0D82-C4E7A958AD4C}.Debug|Any CPU.ActiveCfg = Debug|Any CPU
		{30C8B697-B882-B8FA-0D82-C4E7A958AD4C}.Debug|Any CPU.Build.0 = Debug|Any CPU
		{30C8B697-B882-B8FA-0D82-C4E7A958AD4C}.Release|Any CPU.ActiveCfg = Release|Any CPU
		{30C8B697-B882-B8FA-0D82-C4E7A958AD4C}.Release|Any CPU.Build.0 = Release|Any CPU
	EndGlobalSection
	GlobalSection(SolutionProperties) = preSolution
		HideSolutionNode = FALSE
	EndGlobalSection
EndGlobal
